
Microsoft Visual Studio Solution File, Format Version 12.00
# Visual Studio Version 16
VisualStudioVersion = 16.0.30621.155
MinimumVisualStudioVersion = 10.0.40219.1
Project("{FAE04EC0-301F-11D3-BF4B-00C04F79EFBC}") = "Kursach", "Kursach\Kursach.csproj", "{D135CFAC-52AF-4DAC-96A1-BAAF6AA0E32C}"
EndProject
Global
	GlobalSection(SolutionConfigurationPlatforms) = preSolution
		Debug|Any CPU = Debug|Any CPU
		Release|Any CPU = Release|Any CPU
	EndGlobalSection
	GlobalSection(ProjectConfigurationPlatforms) = postSolution
		{D135CFAC-52AF-4DAC-96A1-BAAF6AA0E32C}.Debug|Any CPU.ActiveCfg = Debug|Any CPU
		{D135CFAC-52AF-4DAC-96A1-BAAF6AA0E32C}.Debug|Any CPU.Build.0 = Debug|Any CPU
		{D135CFAC-52AF-4DAC-96A1-BAAF6AA0E32C}.Release|Any CPU.ActiveCfg = Release|Any CPU
		{D135CFAC-52AF-4DAC-96A1-BAAF6AA0E32C}.Release|Any CPU.Build.0 = Release|Any CPU
	EndGlobalSection
	GlobalSection(SolutionProperties) = preSolution
		HideSolutionNode = FALSE
	EndGlobalSection
	GlobalSection(ExtensibilityGlobals) = postSolution
		SolutionGuid = {647024A0-2580-49D3-86E4-C47A68A64F78}
	EndGlobalSection
EndGlobal
